
Microsoft Visual Studio Solution File, Format Version 12.00
# Visual Studio Version 16
VisualStudioVersion = 16.0.31424.327
MinimumVisualStudioVersion = 10.0.40219.1
Project("{FAE04EC0-301F-11D3-BF4B-00C04F79EFBC}") = "Questionnaire", "Questionnaire\Questionnaire.csproj", "{10DEB0DD-D48E-45CB-BC8E-166F6717CB00}"
EndProject
Project("{FAE04EC0-301F-11D3-BF4B-00C04F79EFBC}") = "DAL", "DAL\DAL.csproj", "{638B7BF6-1FAE-4078-B656-CB8D7FBDC292}"
EndProject
Project("{FAE04EC0-301F-11D3-BF4B-00C04F79EFBC}") = "lom", "lom\lom.csproj", "{290A8B59-8328-43F7-AF1A-F2536A965D6E}"
EndProject
Global
	GlobalSection(SolutionConfigurationPlatforms) = preSolution
		Debug|Any CPU = Debug|Any CPU
		Release|Any CPU = Release|Any CPU
	EndGlobalSection
	GlobalSection(ProjectConfigurationPlatforms) = postSolution
		{10DEB0DD-D48E-45CB-BC8E-166F6717CB00}.Debug|Any CPU.ActiveCfg = Debug|Any CPU
		{10DEB0DD-D48E-45CB-BC8E-166F6717CB00}.Debug|Any CPU.Build.0 = Debug|Any CPU
		{10DEB0DD-D48E-45CB-BC8E-166F6717CB00}.Release|Any CPU.ActiveCfg = Release|Any CPU
		{10DEB0DD-D48E-45CB-BC8E-166F6717CB00}.Release|Any CPU.Build.0 = Release|Any CPU
		{638B7BF6-1FAE-4078-B656-CB8D7FBDC292}.Debug|Any CPU.ActiveCfg = Debug|Any CPU
		{638B7BF6-1FAE-4078-B656-CB8D7FBDC292}.Debug|Any CPU.Build.0 = Debug|Any CPU
		{638B7BF6-1FAE-4078-B656-CB8D7FBDC292}.Release|Any CPU.ActiveCfg = Release|Any CPU
		{638B7BF6-1FAE-4078-B656-CB8D7FBDC292}.Release|Any CPU.Build.0 = Release|Any CPU
		{290A8B59-8328-43F7-AF1A-F2536A965D6E}.Debug|Any CPU.ActiveCfg = Debug|Any CPU
		{290A8B59-8328-43F7-AF1A-F2536A965D6E}.Debug|Any CPU.Build.0 = Debug|Any CPU
		{290A8B59-8328-43F7-AF1A-F2536A965D6E}.Release|Any CPU.ActiveCfg = Release|Any CPU
		{290A8B59-8328-43F7-AF1A-F2536A965D6E}.Release|Any CPU.Build.0 = Release|Any CPU
	EndGlobalSection
	GlobalSection(SolutionProperties) = preSolution
		HideSolutionNode = FALSE
	EndGlobalSection
	GlobalSection(ExtensibilityGlobals) = postSolution
		SolutionGuid = {6E540A97-7E38-43BB-A12A-0745A97E251D}
	EndGlobalSection
EndGlobal
